
Microsoft Visual Studio Solution File, Format Version 12.00
# Visual Studio 2012
Project("{FAE04EC0-301F-11D3-BF4B-00C04F79EFBC}") = "Portal Server", "Portal Server\Portal Server.csproj", "{976A3B51-CF4E-42B2-B863-502B55E3BE19}"
EndProject
Project("{FAE04EC0-301F-11D3-BF4B-00C04F79EFBC}") = "Framework", "Framework\Framework.csproj", "{582418C6-21FF-4496-A4FB-2BE8E78A8B98}"
EndProject
Global
	GlobalSection(SolutionConfigurationPlatforms) = preSolution
		Debug|Any CPU = Debug|Any CPU
		Release|Any CPU = Release|Any CPU
	EndGlobalSection
	GlobalSection(ProjectConfigurationPlatforms) = postSolution
		{976A3B51-CF4E-42B2-B863-502B55E3BE19}.Debug|Any CPU.ActiveCfg = Debug|Any CPU
		{976A3B51-CF4E-42B2-B863-502B55E3BE19}.Debug|Any CPU.Build.0 = Debug|Any CPU
		{976A3B51-CF4E-42B2-B863-502B55E3BE19}.Release|Any CPU.ActiveCfg = Release|Any CPU
		{976A3B51-CF4E-42B2-B863-502B55E3BE19}.Release|Any CPU.Build.0 = Release|Any CPU
		{582418C6-21FF-4496-A4FB-2BE8E78A8B98}.Debug|Any CPU.ActiveCfg = Debug|Any CPU
		{582418C6-21FF-4496-A4FB-2BE8E78A8B98}.Debug|Any CPU.Build.0 = Debug|Any CPU
		{582418C6-21FF-4496-A4FB-2BE8E78A8B98}.Release|Any CPU.ActiveCfg = Release|Any CPU
		{582418C6-21FF-4496-A4FB-2BE8E78A8B98}.Release|Any CPU.Build.0 = Release|Any CPU
	EndGlobalSection
	GlobalSection(SolutionProperties) = preSolution
		HideSolutionNode = FALSE
	EndGlobalSection
EndGlobal
